
Microsoft Visual Studio Solution File, Format Version 12.00
# Visual Studio 15
VisualStudioVersion = 15.0.27703.2026
MinimumVisualStudioVersion = 10.0.40219.1
Project("{FAE04EC0-301F-11D3-BF4B-00C04F79EFBC}") = "ImCup2018.Android", "ImCup2018\ImCup2018.Android\ImCup2018.Android.csproj", "{6427C6B3-1C7C-44D4-8968-CA48E303A40F}"
EndProject
Project("{FAE04EC0-301F-11D3-BF4B-00C04F79EFBC}") = "ImCup2018.iOS", "ImCup2018\ImCup2018.iOS\ImCup2018.iOS.csproj", "{63BB4F27-D893-47B2-9FDD-9E2DB0FEAD78}"
EndProject
Project("{FAE04EC0-301F-11D3-BF4B-00C04F79EFBC}") = "ImCup2018.UWP", "ImCup2018\ImCup2018.UWP\ImCup2018.UWP.csproj", "{E66A441C-B6B5-4330-845B-581D1EF3B7F5}"
EndProject
Project("{FAE04EC0-301F-11D3-BF4B-00C04F79EFBC}") = "ImCup2018", "ImCup2018\ImCup2018\ImCup2018.csproj", "{554B6B00-C78E-4366-A991-03B0E9D3F817}"
EndProject
Global
	GlobalSection(SolutionConfigurationPlatforms) = preSolution
		Ad-Hoc|Any CPU = Ad-Hoc|Any CPU
		Ad-Hoc|ARM = Ad-Hoc|ARM
		Ad-Hoc|iPhone = Ad-Hoc|iPhone
		Ad-Hoc|iPhoneSimulator = Ad-Hoc|iPhoneSimulator
		Ad-Hoc|x64 = Ad-Hoc|x64
		Ad-Hoc|x86 = Ad-Hoc|x86
		AppStore|Any CPU = AppStore|Any CPU
		AppStore|ARM = AppStore|ARM
		AppStore|iPhone = AppStore|iPhone
		AppStore|iPhoneSimulator = AppStore|iPhoneSimulator
		AppStore|x64 = AppStore|x64
		AppStore|x86 = AppStore|x86
		Debug|Any CPU = Debug|Any CPU
		Debug|ARM = Debug|ARM
		Debug|iPhone = Debug|iPhone
		Debug|iPhoneSimulator = Debug|iPhoneSimulator
		Debug|x64 = Debug|x64
		Debug|x86 = Debug|x86
		Release|Any CPU = Release|Any CPU
		Release|ARM = Release|ARM
		Release|iPhone = Release|iPhone
		Release|iPhoneSimulator = Release|iPhoneSimulator
		Release|x64 = Release|x64
		Release|x86 = Release|x86
	EndGlobalSection
	GlobalSection(ProjectConfigurationPlatforms) = postSolution
		{6427C6B3-1C7C-44D4-8968-CA48E303A40F}.Ad-Hoc|Any CPU.ActiveCfg = Release|Any CPU
		{6427C6B3-1C7C-44D4-8968-CA48E303A40F}.Ad-Hoc|Any CPU.Build.0 = Release|Any CPU
		{6427C6B3-1C7C-44D4-8968-CA48E303A40F}.Ad-Hoc|Any CPU.Deploy.0 = Release|Any CPU
		{6427C6B3-1C7C-44D4-8968-CA48E303A40F}.Ad-Hoc|ARM.ActiveCfg = Release|Any CPU
		{6427C6B3-1C7C-44D4-8968-CA48E303A40F}.Ad-Hoc|ARM.Build.0 = Release|Any CPU
		{6427C6B3-1C7C-44D4-8968-CA48E303A40F}.Ad-Hoc|ARM.Deploy.0 = Release|Any CPU
		{6427C6B3-1C7C-44D4-8968-CA48E303A40F}.Ad-Hoc|iPhone.ActiveCfg = Release|Any CPU
		{6427C6B3-1C7C-44D4-8968-CA48E303A40F}.Ad-Hoc|iPhone.Build.0 = Release|Any CPU
		{6427C6B3-1C7C-44D4-8968-CA48E303A40F}.Ad-Hoc|iPhone.Deploy.0 = Release|Any CPU
		{6427C6B3-1C7C-44D4-8968-CA48E303A40F}.Ad-Hoc|iPhoneSimulator.ActiveCfg = Release|Any CPU
		{6427C6B3-1C7C-44D4-8968-CA48E303A40F}.Ad-Hoc|iPhoneSimulator.Build.0 = Release|Any CPU
		{6427C6B3-1C7C-44D4-8968-CA48E303A40F}.Ad-Hoc|iPhoneSimulator.Deploy.0 = Release|Any CPU
		{6427C6B3-1C7C-44D4-8968-CA48E303A40F}.Ad-Hoc|x64.ActiveCfg = Release|Any CPU
		{6427C6B3-1C7C-44D4-8968-CA48E303A40F}.Ad-Hoc|x64.Build.0 = Release|Any CPU
		{6427C6B3-1C7C-44D4-8968-CA48E303A40F}.Ad-Hoc|x64.Deploy.0 = Release|Any CPU
		{6427C6B3-1C7C-44D4-8968-CA48E303A40F}.Ad-Hoc|x86.ActiveCfg = Release|Any CPU
		{6427C6B3-1C7C-44D4-8968-CA48E303A40F}.Ad-Hoc|x86.Build.0 = Release|Any CPU
		{6427C6B3-1C7C-44D4-8968-CA48E303A40F}.Ad-Hoc|x86.Deploy.0 = Release|Any CPU
		{6427C6B3-1C7C-44D4-8968-CA48E303A40F}.AppStore|Any CPU.ActiveCfg = Release|Any CPU
		{6427C6B3-1C7C-44D4-8968-CA48E303A40F}.AppStore|Any CPU.Build.0 = Release|Any CPU
		{6427C6B3-1C7C-44D4-8968-CA48E303A40F}.AppStore|Any CPU.Deploy.0 = Release|Any CPU
		{6427C6B3-1C7C-44D4-8968-CA48E303A40F}.AppStore|ARM.ActiveCfg = Release|Any CPU
		{6427C6B3-1C7C-44D4-8968-CA48E303A40F}.AppStore|ARM.Build.0 = Release|Any CPU
		{6427C6B3-1C7C-44D4-8968-CA48E303A40F}.AppStore|ARM.Deploy.0 = Release|Any CPU
		{6427C6B3-1C7C-44D4-8968-CA48E303A40F}.AppStore|iPhone.ActiveCfg = Release|Any CPU
		{6427C6B3-1C7C-44D4-8968-CA48E303A40F}.AppStore|iPhone.Build.0 = Release|Any CPU
		{6427C6B3-1C7C-44D4-8968-CA48E303A40F}.AppStore|iPhone.Deploy.0 = Release|Any CPU
		{6427C6B3-1C7C-44D4-8968-CA48E303A40F}.AppStore|iPhoneSimulator.ActiveCfg = Release|Any CPU
		{6427C6B3-1C7C-44D4-8968-CA48E303A40F}.AppStore|iPhoneSimulator.Build.0 = Release|Any CPU
		{6427C6B3-1C7C-44D4-8968-CA48E303A40F}.AppStore|iPhoneSimulator.Deploy.0 = Release|Any CPU
		{6427C6B3-1C7C-44D4-8968-CA48E303A40F}.AppStore|x64.ActiveCfg = Release|Any CPU
		{6427C6B3-1C7C-44D4-8968-CA48E303A40F}.AppStore|x64.Build.0 = Release|Any CPU
		{6427C6B3-1C7C-44D4-8968-CA48E303A40F}.AppStore|x64.Deploy.0 = Release|Any CPU
		{6427C6B3-1C7C-44D4-8968-CA48E303A40F}.AppStore|x86.ActiveCfg = Release|Any CPU
		{6427C6B3-1C7C-44D4-8968-CA48E303A40F}.AppStore|x86.Build.0 = Release|Any CPU
		{6427C6B3-1C7C-44D4-8968-CA48E303A40F}.AppStore|x86.Deploy.0 = Release|Any CPU
		{6427C6B3-1C7C-44D4-8968-CA48E303A40F}.Debug|Any CPU.ActiveCfg = Debug|Any CPU
		{6427C6B3-1C7C-44D4-8968-CA48E303A40F}.Debug|Any CPU.Build.0 = Debug|Any CPU
		{6427C6B3-1C7C-44D4-8968-CA48E303A40F}.Debug|Any CPU.Deploy.0 = Debug|Any CPU
		{6427C6B3-1C7C-44D4-8968-CA48E303A40F}.Debug|ARM.ActiveCfg = Debug|Any CPU
		{6427C6B3-1C7C-44D4-8968-CA48E303A40F}.Debug|ARM.Build.0 = Debug|Any CPU
		{6427C6B3-1C7C-44D4-8968-CA48E303A40F}.Debug|ARM.Deploy.0 = Debug|Any CPU
		{6427C6B3-1C7C-44D4-8968-CA48E303A40F}.Debug|iPhone.ActiveCfg = Debug|Any CPU
		{6427C6B3-1C7C-44D4-8968-CA48E303A40F}.Debug|iPhone.Build.0 = Debug|Any CPU
		{6427C6B3-1C7C-44D4-8968-CA48E303A40F}.Debug|iPhone.Deploy.0 = Debug|Any CPU
		{6427C6B3-1C7C-44D4-8968-CA48E303A40F}.Debug|iPhoneSimulator.ActiveCfg = Debug|Any CPU
		{6427C6B3-1C7C-44D4-8968-CA48E303A40F}.Debug|iPhoneSimulator.Build.0 = Debug|Any CPU
		{6427C6B3-1C7C-44D4-8968-CA48E303A40F}.Debug|iPhoneSimulator.Deploy.0 = Debug|Any CPU
		{6427C6B3-1C7C-44D4-8968-CA48E303A40F}.Debug|x64.ActiveCfg = Debug|Any CPU
		{6427C6B3-1C7C-44D4-8968-CA48E303A40F}.Debug|x64.Build.0 = Debug|Any CPU
		{6427C6B3-1C7C-44D4-8968-CA48E303A40F}.Debug|x64.Deploy.0 = Debug|Any CPU
		{6427C6B3-1C7C-44D4-8968-CA48E303A40F}.Debug|x86.ActiveCfg = Debug|Any CPU
		{6427C6B3-1C7C-44D4-8968-CA48E303A40F}.Debug|x86.Build.0 = Debug|Any CPU
		{6427C6B3-1C7C-44D4-8968-CA48E303A40F}.Debug|x86.Deploy.0 = Debug|Any CPU
		{6427C6B3-1C7C-44D4-8968-CA48E303A40F}.Release|Any CPU.ActiveCfg = Release|Any CPU
		{6427C6B3-1C7C-44D4-8968-CA48E303A40F}.Release|Any CPU.Build.0 = Release|Any CPU
		{6427C6B3-1C7C-44D4-8968-CA48E303A40F}.Release|Any CPU.Deploy.0 = Release|Any CPU
		{6427C6B3-1C7C-44D4-8968-CA48E303A40F}.Release|ARM.ActiveCfg = Release|Any CPU
		{6427C6B3-1C7C-44D4-8968-CA48E303A40F}.Release|ARM.Build.0 = Release|Any CPU
		{6427C6B3-1C7C-44D4-8968-CA48E303A40F}.Release|ARM.Deploy.0 = Release|Any CPU
		{6427C6B3-1C7C-44D4-8968-CA48E303A40F}.Release|iPhone.ActiveCfg = Release|Any CPU
		{6427C6B3-1C7C-44D4-8968-CA48E303A40F}.Release|iPhone.Build.0 = Release|Any CPU
		{6427C6B3-1C7C-44D4-8968-CA48E303A40F}.Release|iPhone.Deploy.0 = Release|Any CPU
		{6427C6B3-1C7C-44D4-8968-CA48E303A40F}.Release|iPhoneSimulator.ActiveCfg = Release|Any CPU
		{6427C6B3-1C7C-44D4-8968-CA48E303A40F}.Release|iPhoneSimulator.Build.0 = Release|Any CPU
		{6427C6B3-1C7C-44D4-8968-CA48E303A40F}.Release|iPhoneSimulator.Deploy.0 = Release|Any CPU
		{6427C6B3-1C7C-44D4-8968-CA48E303A40F}.Release|x64.ActiveCfg = Release|Any CPU
		{6427C6B3-1C7C-44D4-8968-CA48E303A40F}.Release|x64.Build.0 = Release|Any CPU
		{6427C6B3-1C7C-44D4-8968-CA48E303A40F}.Release|x64.Deploy.0 = Release|Any CPU
		{6427C6B3-1C7C-44D4-8968-CA48E303A40F}.Release|x86.ActiveCfg = Release|Any CPU
		{6427C6B3-1C7C-44D4-8968-CA48E303A40F}.Release|x86.Build.0 = Release|Any CPU
		{6427C6B3-1C7C-44D4-8968-CA48E303A40F}.Release|x86.Deploy.0 = Release|Any CPU
		{63BB4F27-D893-47B2-9FDD-9E2DB0FEAD78}.Ad-Hoc|Any CPU.ActiveCfg = Ad-Hoc|iPhone
		{63BB4F27-D893-47B2-9FDD-9E2DB0FEAD78}.Ad-Hoc|Any CPU.Build.0 = Ad-Hoc|iPhone
		{63BB4F27-D893-47B2-9FDD-9E2DB0FEAD78}.Ad-Hoc|Any CPU.Deploy.0 = Ad-Hoc|iPhone
		{63BB4F27-D893-47B2-9FDD-9E2DB0FEAD78}.Ad-Hoc|ARM.ActiveCfg = Ad-Hoc|iPhone
		{63BB4F27-D893-47B2-9FDD-9E2DB0FEAD78}.Ad-Hoc|ARM.Build.0 = Ad-Hoc|iPhone
		{63BB4F27-D893-47B2-9FDD-9E2DB0FEAD78}.Ad-Hoc|ARM.Deploy.0 = Ad-Hoc|iPhone
		{63BB4F27-D893-47B2-9FDD-9E2DB0FEAD78}.Ad-Hoc|iPhone.ActiveCfg = Ad-Hoc|iPhone
		{63BB4F27-D893-47B2-9FDD-9E2DB0FEAD78}.Ad-Hoc|iPhone.Build.0 = Ad-Hoc|iPhone
		{63BB4F27-D893-47B2-9FDD-9E2DB0FEAD78}.Ad-Hoc|iPhone.Deploy.0 = Ad-Hoc|iPhone
		{63BB4F27-D893-47B2-9FDD-9E2DB0FEAD78}.Ad-Hoc|iPhoneSimulator.ActiveCfg = Ad-Hoc|iPhoneSimulator
		{63BB4F27-D893-47B2-9FDD-9E2DB0FEAD78}.Ad-Hoc|iPhoneSimulator.Build.0 = Ad-Hoc|iPhoneSimulator
		{63BB4F27-D893-47B2-9FDD-9E2DB0FEAD78}.Ad-Hoc|iPhoneSimulator.Deploy.0 = Ad-Hoc|iPhoneSimulator
		{63BB4F27-D893-47B2-9FDD-9E2DB0FEAD78}.Ad-Hoc|x64.ActiveCfg = Ad-Hoc|iPhone
		{63BB4F27-D893-47B2-9FDD-9E2DB0FEAD78}.Ad-Hoc|x64.Build.0 = Ad-Hoc|iPhone
		{63BB4F27-D893-47B2-9FDD-9E2DB0FEAD78}.Ad-Hoc|x64.Deploy.0 = Ad-Hoc|iPhone
		{63BB4F27-D893-47B2-9FDD-9E2DB0FEAD78}.Ad-Hoc|x86.ActiveCfg = Ad-Hoc|iPhone
		{63BB4F27-D893-47B2-9FDD-9E2DB0FEAD78}.Ad-Hoc|x86.Build.0 = Ad-Hoc|iPhone
		{63BB4F27-D893-47B2-9FDD-9E2DB0FEAD78}.Ad-Hoc|x86.Deploy.0 = Ad-Hoc|iPhone
		{63BB4F27-D893-47B2-9FDD-9E2DB0FEAD78}.AppStore|Any CPU.ActiveCfg = AppStore|iPhone
		{63BB4F27-D893-47B2-9FDD-9E2DB0FEAD78}.AppStore|Any CPU.Build.0 = AppStore|iPhone
		{63BB4F27-D893-47B2-9FDD-9E2DB0FEAD78}.AppStore|Any CPU.Deploy.0 = AppStore|iPhone
		{63BB4F27-D893-47B2-9FDD-9E2DB0FEAD78}.AppStore|ARM.ActiveCfg = AppStore|iPhone
		{63BB4F27-D893-47B2-9FDD-9E2DB0FEAD78}.AppStore|ARM.Build.0 = AppStore|iPhone
		{63BB4F27-D893-47B2-9FDD-9E2DB0FEAD78}.AppStore|ARM.Deploy.0 = AppStore|iPhone
		{63BB4F27-D893-47B2-9FDD-9E2DB0FEAD78}.AppStore|iPhone.ActiveCfg = AppStore|iPhone
		{63BB4F27-D893-47B2-9FDD-9E2DB0FEAD78}.AppStore|iPhone.Build.0 = AppStore|iPhone
		{63BB4F27-D893-47B2-9FDD-9E2DB0FEAD78}.AppStore|iPhone.Deploy.0 = AppStore|iPhone
		{63BB4F27-D893-47B2-9FDD-9E2DB0FEAD78}.AppStore|iPhoneSimulator.ActiveCfg = AppStore|iPhoneSimulator
		{63BB4F27-D893-47B2-9FDD-9E2DB0FEAD78}.AppStore|iPhoneSimulator.Build.0 = AppStore|iPhoneSimulator
		{63BB4F27-D893-47B2-9FDD-9E2DB0FEAD78}.AppStore|iPhoneSimulator.Deploy.0 = AppStore|iPhoneSimulator
		{63BB4F27-D893-47B2-9FDD-9E2DB0FEAD78}.AppStore|x64.ActiveCfg = AppStore|iPhone
		{63BB4F27-D893-47B2-9FDD-9E2DB0FEAD78}.AppStore|x64.Build.0 = AppStore|iPhone
		{63BB4F27-D893-47B2-9FDD-9E2DB0FEAD78}.AppStore|x64.Deploy.0 = AppStore|iPhone
		{63BB4F27-D893-47B2-9FDD-9E2DB0FEAD78}.AppStore|x86.ActiveCfg = AppStore|iPhone
		{63BB4F27-D893-47B2-9FDD-9E2DB0FEAD78}.AppStore|x86.Build.0 = AppStore|iPhone
		{63BB4F27-D893-47B2-9FDD-9E2DB0FEAD78}.AppStore|x86.Deploy.0 = AppStore|iPhone
		{63BB4F27-D893-47B2-9FDD-9E2DB0FEAD78}.Debug|Any CPU.ActiveCfg = Debug|iPhoneSimulator
		{63BB4F27-D893-47B2-9FDD-9E2DB0FEAD78}.Debug|Any CPU.Build.0 = Debug|iPhoneSimulator
		{63BB4F27-D893-47B2-9FDD-9E2DB0FEAD78}.Debug|Any CPU.Deploy.0 = Debug|iPhoneSimulator
		{63BB4F27-D893-47B2-9FDD-9E2DB0FEAD78}.Debug|ARM.ActiveCfg = Debug|iPhone
		{63BB4F27-D893-47B2-9FDD-9E2DB0FEAD78}.Debug|ARM.Build.0 = Debug|iPhone
		{63BB4F27-D893-47B2-9FDD-9E2DB0FEAD78}.Debug|ARM.Deploy.0 = Debug|iPhone
		{63BB4F27-D893-47B2-9FDD-9E2DB0FEAD78}.Debug|iPhone.ActiveCfg = Debug|iPhone
		{63BB4F27-D893-47B2-9FDD-9E2DB0FEAD78}.Debug|iPhone.Build.0 = Debug|iPhone
		{63BB4F27-D893-47B2-9FDD-9E2DB0FEAD78}.Debug|iPhone.Deploy.0 = Debug|iPhone
		{63BB4F27-D893-47B2-9FDD-9E2DB0FEAD78}.Debug|iPhoneSimulator.ActiveCfg = Debug|iPhoneSimulator
		{63BB4F27-D893-47B2-9FDD-9E2DB0FEAD78}.Debug|iPhoneSimulator.Build.0 = Debug|iPhoneSimulator
		{63BB4F27-D893-47B2-9FDD-9E2DB0FEAD78}.Debug|iPhoneSimulator.Deploy.0 = Debug|iPhoneSimulator
		{63BB4F27-D893-47B2-9FDD-9E2DB0FEAD78}.Debug|x64.ActiveCfg = Debug|iPhone
		{63BB4F27-D893-47B2-9FDD-9E2DB0FEAD78}.Debug|x64.Build.0 = Debug|iPhone
		{63BB4F27-D893-47B2-9FDD-9E2DB0FEAD78}.Debug|x64.Deploy.0 = Debug|iPhone
		{63BB4F27-D893-47B2-9FDD-9E2DB0FEAD78}.Debug|x86.ActiveCfg = Debug|iPhone
		{63BB4F27-D893-47B2-9FDD-9E2DB0FEAD78}.Debug|x86.Build.0 = Debug|iPhone
		{63BB4F27-D893-47B2-9FDD-9E2DB0FEAD78}.Debug|x86.Deploy.0 = Debug|iPhone
		{63BB4F27-D893-47B2-9FDD-9E2DB0FEAD78}.Release|Any CPU.ActiveCfg = Release|iPhone
		{63BB4F27-D893-47B2-9FDD-9E2DB0FEAD78}.Release|Any CPU.Build.0 = Release|iPhone
		{63BB4F27-D893-47B2-9FDD-9E2DB0FEAD78}.Release|Any CPU.Deploy.0 = Release|iPhone
		{63BB4F27-D893-47B2-9FDD-9E2DB0FEAD78}.Release|ARM.ActiveCfg = Release|iPhone
		{63BB4F27-D893-47B2-9FDD-9E2DB0FEAD78}.Release|ARM.Build.0 = Release|iPhone
		{63BB4F27-D893-47B2-9FDD-9E2DB0FEAD78}.Release|ARM.Deploy.0 = Release|iPhone
		{63BB4F27-D893-47B2-9FDD-9E2DB0FEAD78}.Release|iPhone.ActiveCfg = Release|iPhone
		{63BB4F27-D893-47B2-9FDD-9E2DB0FEAD78}.Release|iPhone.Build.0 = Release|iPhone
		{63BB4F27-D893-47B2-9FDD-9E2DB0FEAD78}.Release|iPhone.Deploy.0 = Release|iPhone
		{63BB4F27-D893-47B2-9FDD-9E2DB0FEAD78}.Release|iPhoneSimulator.ActiveCfg = Release|iPhoneSimulator
		{63BB4F27-D893-47B2-9FDD-9E2DB0FEAD78}.Release|iPhoneSimulator.Build.0 = Release|iPhoneSimulator
		{63BB4F27-D893-47B2-9FDD-9E2DB0FEAD78}.Release|iPhoneSimulator.Deploy.0 = Release|iPhoneSimulator
		{63BB4F27-D893-47B2-9FDD-9E2DB0FEAD78}.Release|x64.ActiveCfg = Release|iPhone
		{63BB4F27-D893-47B2-9FDD-9E2DB0FEAD78}.Release|x64.Build.0 = Release|iPhone
		{63BB4F27-D893-47B2-9FDD-9E2DB0FEAD78}.Release|x64.Deploy.0 = Release|iPhone
		{63BB4F27-D893-47B2-9FDD-9E2DB0FEAD78}.Release|x86.ActiveCfg = Release|iPhone
		{63BB4F27-D893-47B2-9FDD-9E2DB0FEAD78}.Release|x86.Build.0 = Release|iPhone
		{63BB4F27-D893-47B2-9FDD-9E2DB0FEAD78}.Release|x86.Deploy.0 = Release|iPhone
		{E66A441C-B6B5-4330-845B-581D1EF3B7F5}.Ad-Hoc|Any CPU.ActiveCfg = Release|x86
		{E66A441C-B6B5-4330-845B-581D1EF3B7F5}.Ad-Hoc|Any CPU.Build.0 = Release|x86
		{E66A441C-B6B5-4330-845B-581D1EF3B7F5}.Ad-Hoc|Any CPU.Deploy.0 = Release|x86
		{E66A441C-B6B5-4330-845B-581D1EF3B7F5}.Ad-Hoc|ARM.ActiveCfg = Release|ARM
		{E66A441C-B6B5-4330-845B-581D1EF3B7F5}.Ad-Hoc|ARM.Build.0 = Release|ARM
		{E66A441C-B6B5-4330-845B-581D1EF3B7F5}.Ad-Hoc|ARM.Deploy.0 = Release|ARM
		{E66A441C-B6B5-4330-845B-581D1EF3B7F5}.Ad-Hoc|iPhone.ActiveCfg = Release|x86
		{E66A441C-B6B5-4330-845B-581D1EF3B7F5}.Ad-Hoc|iPhone.Build.0 = Release|x86
		{E66A441C-B6B5-4330-845B-581D1EF3B7F5}.Ad-Hoc|iPhone.Deploy.0 = Release|x86
		{E66A441C-B6B5-4330-845B-581D1EF3B7F5}.Ad-Hoc|iPhoneSimulator.ActiveCfg = Release|x86
		{E66A441C-B6B5-4330-845B-581D1EF3B7F5}.Ad-Hoc|iPhoneSimulator.Build.0 = Release|x86
		{E66A441C-B6B5-4330-845B-581D1EF3B7F5}.Ad-Hoc|iPhoneSimulator.Deploy.0 = Release|x86
		{E66A441C-B6B5-4330-845B-581D1EF3B7F5}.Ad-Hoc|x64.ActiveCfg = Release|x64
		{E66A441C-B6B5-4330-845B-581D1EF3B7F5}.Ad-Hoc|x64.Build.0 = Release|x64
		{E66A441C-B6B5-4330-845B-581D1EF3B7F5}.Ad-Hoc|x64.Deploy.0 = Release|x64
		{E66A441C-B6B5-4330-845B-581D1EF3B7F5}.Ad-Hoc|x86.ActiveCfg = Release|x86
		{E66A441C-B6B5-4330-845B-581D1EF3B7F5}.Ad-Hoc|x86.Build.0 = Release|x86
		{E66A441C-B6B5-4330-845B-581D1EF3B7F5}.Ad-Hoc|x86.Deploy.0 = Release|x86
		{E66A441C-B6B5-4330-845B-581D1EF3B7F5}.AppStore|Any CPU.ActiveCfg = Release|x86
		{E66A441C-B6B5-4330-845B-581D1EF3B7F5}.AppStore|Any CPU.Build.0 = Release|x86
		{E66A441C-B6B5-4330-845B-581D1EF3B7F5}.AppStore|Any CPU.Deploy.0 = Release|x86
		{E66A441C-B6B5-4330-845B-581D1EF3B7F5}.AppStore|ARM.ActiveCfg = Release|ARM
		{E66A441C-B6B5-4330-845B-581D1EF3B7F5}.AppStore|ARM.Build.0 = Release|ARM
		{E66A441C-B6B5-4330-845B-581D1EF3B7F5}.AppStore|ARM.Deploy.0 = Release|ARM
		{E66A441C-B6B5-4330-845B-581D1EF3B7F5}.AppStore|iPhone.ActiveCfg = Release|x86
		{E66A441C-B6B5-4330-845B-581D1EF3B7F5}.AppStore|iPhone.Build.0 = Release|x86
		{E66A441C-B6B5-4330-845B-581D1EF3B7F5}.AppStore|iPhone.Deploy.0 = Release|x86
		{E66A441C-B6B5-4330-845B-581D1EF3B7F5}.AppStore|iPhoneSimulator.ActiveCfg = Release|x86
		{E66A441C-B6B5-4330-845B-581D1EF3B7F5}.AppStore|iPhoneSimulator.Build.0 = Release|x86
		{E66A441C-B6B5-4330-845B-581D1EF3B7F5}.AppStore|iPhoneSimulator.Deploy.0 = Release|x86
		{E66A441C-B6B5-4330-845B-581D1EF3B7F5}.AppStore|x64.ActiveCfg = Release|x64
		{E66A441C-B6B5-4330-845B-581D1EF3B7F5}.AppStore|x64.Build.0 = Release|x64
		{E66A441C-B6B5-4330-845B-581D1EF3B7F5}.AppStore|x64.Deploy.0 = Release|x64
		{E66A441C-B6B5-4330-845B-581D1EF3B7F5}.AppStore|x86.ActiveCfg = Release|x86
		{E66A441C-B6B5-4330-845B-581D1EF3B7F5}.AppStore|x86.Build.0 = Release|x86
		{E66A441C-B6B5-4330-845B-581D1EF3B7F5}.AppStore|x86.Deploy.0 = Release|x86
		{E66A441C-B6B5-4330-845B-581D1EF3B7F5}.Debug|Any CPU.ActiveCfg = Debug|x86
		{E66A441C-B6B5-4330-845B-581D1EF3B7F5}.Debug|Any CPU.Build.0 = Debug|x86
		{E66A441C-B6B5-4330-845B-581D1EF3B7F5}.Debug|Any CPU.Deploy.0 = Debug|x86
		{E66A441C-B6B5-4330-845B-581D1EF3B7F5}.Debug|ARM.ActiveCfg = Debug|ARM
		{E66A441C-B6B5-4330-845B-581D1EF3B7F5}.Debug|ARM.Build.0 = Debug|ARM
		{E66A441C-B6B5-4330-845B-581D1EF3B7F5}.Debug|ARM.Deploy.0 = Debug|ARM
		{E66A441C-B6B5-4330-845B-581D1EF3B7F5}.Debug|iPhone.ActiveCfg = Debug|x86
		{E66A441C-B6B5-4330-845B-581D1EF3B7F5}.Debug|iPhone.Build.0 = Debug|x86
		{E66A441C-B6B5-4330-845B-581D1EF3B7F5}.Debug|iPhone.Deploy.0 = Debug|x86
		{E66A441C-B6B5-4330-845B-581D1EF3B7F5}.Debug|iPhoneSimulator.ActiveCfg = Debug|x86
		{E66A441C-B6B5-4330-845B-581D1EF3B7F5}.Debug|iPhoneSimulator.Build.0 = Debug|x86
		{E66A441C-B6B5-4330-845B-581D1EF3B7F5}.Debug|iPhoneSimulator.Deploy.0 = Debug|x86
		{E66A441C-B6B5-4330-845B-581D1EF3B7F5}.Debug|x64.ActiveCfg = Debug|x64
		{E66A441C-B6B5-4330-845B-581D1EF3B7F5}.Debug|x64.Build.0 = Debug|x64
		{E66A441C-B6B5-4330-845B-581D1EF3B7F5}.Debug|x64.Deploy.0 = Debug|x64
		{E66A441C-B6B5-4330-845B-581D1EF3B7F5}.Debug|x86.ActiveCfg = Debug|x86
		{E66A441C-B6B5-4330-845B-581D1EF3B7F5}.Debug|x86.Build.0 = Debug|x86
		{E66A441C-B6B5-4330-845B-581D1EF3B7F5}.Debug|x86.Deploy.0 = Debug|x86
		{E66A441C-B6B5-4330-845B-581D1EF3B7F5}.Release|Any CPU.ActiveCfg = Release|x86
		{E66A441C-B6B5-4330-845B-581D1EF3B7F5}.Release|Any CPU.Build.0 = Release|x86
		{E66A441C-B6B5-4330-845B-581D1EF3B7F5}.Release|Any CPU.Deploy.0 = Release|x86
		{E66A441C-B6B5-4330-845B-581D1EF3B7F5}.Release|ARM.ActiveCfg = Release|ARM
		{E66A441C-B6B5-4330-845B-581D1EF3B7F5}.Release|ARM.Build.0 = Release|ARM
		{E66A441C-B6B5-4330-845B-581D1EF3B7F5}.Release|ARM.Deploy.0 = Release|ARM
		{E66A441C-B6B5-4330-845B-581D1EF3B7F5}.Release|iPhone.ActiveCfg = Release|x86
		{E66A441C-B6B5-4330-845B-581D1EF3B7F5}.Release|iPhone.Build.0 = Release|x86
		{E66A441C-B6B5-4330-845B-581D1EF3B7F5}.Release|iPhone.Deploy.0 = Release|x86
		{E66A441C-B6B5-4330-845B-581D1EF3B7F5}.Release|iPhoneSimulator.ActiveCfg = Release|x86
		{E66A441C-B6B5-4330-845B-581D1EF3B7F5}.Release|iPhoneSimulator.Build.0 = Release|x86
		{E66A441C-B6B5-4330-845B-581D1EF3B7F5}.Release|iPhoneSimulator.Deploy.0 = Release|x86
		{E66A441C-B6B5-4330-845B-581D1EF3B7F5}.Release|x64.ActiveCfg = Release|x64
		{E66A441C-B6B5-4330-845B-581D1EF3B7F5}.Release|x64.Build.0 = Release|x64
		{E66A441C-B6B5-4330-845B-581D1EF3B7F5}.Release|x64.Deploy.0 = Release|x64
		{E66A441C-B6B5-4330-845B-581D1EF3B7F5}.Release|x86.ActiveCfg = Release|x86
		{E66A441C-B6B5-4330-845B-581D1EF3B7F5}.Release|x86.Build.0 = Release|x86
		{E66A441C-B6B5-4330-845B-581D1EF3B7F5}.Release|x86.Deploy.0 = Release|x86
		{554B6B00-C78E-4366-A991-03B0E9D3F817}.Ad-Hoc|Any CPU.ActiveCfg = Debug|Any CPU
		{554B6B00-C78E-4366-A991-03B0E9D3F817}.Ad-Hoc|Any CPU.Build.0 = Debug|Any CPU
		{554B6B00-C78E-4366-A991-03B0E9D3F817}.Ad-Hoc|Any CPU.Deploy.0 = Debug|Any CPU
		{554B6B00-C78E-4366-A991-03B0E9D3F817}.Ad-Hoc|ARM.ActiveCfg = Debug|Any CPU
		{554B6B00-C78E-4366-A991-03B0E9D3F817}.Ad-Hoc|ARM.Build.0 = Debug|Any CPU
		{554B6B00-C78E-4366-A991-03B0E9D3F817}.Ad-Hoc|ARM.Deploy.0 = Debug|Any CPU
		{554B6B00-C78E-4366-A991-03B0E9D3F817}.Ad-Hoc|iPhone.ActiveCfg = Debug|Any CPU
		{554B6B00-C78E-4366-A991-03B0E9D3F817}.Ad-Hoc|iPhone.Build.0 = Debug|Any CPU
		{554B6B00-C78E-4366-A991-03B0E9D3F817}.Ad-Hoc|iPhone.Deploy.0 = Debug|Any CPU
		{554B6B00-C78E-4366-A991-03B0E9D3F817}.Ad-Hoc|iPhoneSimulator.ActiveCfg = Debug|Any CPU
		{554B6B00-C78E-4366-A991-03B0E9D3F817}.Ad-Hoc|iPhoneSimulator.Build.0 = Debug|Any CPU
		{554B6B00-C78E-4366-A991-03B0E9D3F817}.Ad-Hoc|iPhoneSimulator.Deploy.0 = Debug|Any CPU
		{554B6B00-C78E-4366-A991-03B0E9D3F817}.Ad-Hoc|x64.ActiveCfg = Debug|Any CPU
		{554B6B00-C78E-4366-A991-03B0E9D3F817}.Ad-Hoc|x64.Build.0 = Debug|Any CPU
		{554B6B00-C78E-4366-A991-03B0E9D3F817}.Ad-Hoc|x64.Deploy.0 = Debug|Any CPU
		{554B6B00-C78E-4366-A991-03B0E9D3F817}.Ad-Hoc|x86.ActiveCfg = Debug|Any CPU
		{554B6B00-C78E-4366-A991-03B0E9D3F817}.Ad-Hoc|x86.Build.0 = Debug|Any CPU
		{554B6B00-C78E-4366-A991-03B0E9D3F817}.Ad-Hoc|x86.Deploy.0 = Debug|Any CPU
		{554B6B00-C78E-4366-A991-03B0E9D3F817}.AppStore|Any CPU.ActiveCfg = Debug|Any CPU
		{554B6B00-C78E-4366-A991-03B0E9D3F817}.AppStore|Any CPU.Build.0 = Debug|Any CPU
		{554B6B00-C78E-4366-A991-03B0E9D3F817}.AppStore|Any CPU.Deploy.0 = Debug|Any CPU
		{554B6B00-C78E-4366-A991-03B0E9D3F817}.AppStore|ARM.ActiveCfg = Debug|Any CPU
		{554B6B00-C78E-4366-A991-03B0E9D3F817}.AppStore|ARM.Build.0 = Debug|Any CPU
		{554B6B00-C78E-4366-A991-03B0E9D3F817}.AppStore|ARM.Deploy.0 = Debug|Any CPU
		{554B6B00-C78E-4366-A991-03B0E9D3F817}.AppStore|iPhone.ActiveCfg = Debug|Any CPU
		{554B6B00-C78E-4366-A991-03B0E9D3F817}.AppStore|iPhone.Build.0 = Debug|Any CPU
		{554B6B00-C78E-4366-A991-03B0E9D3F817}.AppStore|iPhone.Deploy.0 = Debug|Any CPU
		{554B6B00-C78E-4366-A991-03B0E9D3F817}.AppStore|iPhoneSimulator.ActiveCfg = Debug|Any CPU
		{554B6B00-C78E-4366-A991-03B0E9D3F817}.AppStore|iPhoneSimulator.Build.0 = Debug|Any CPU
		{554B6B00-C78E-4366-A991-03B0E9D3F817}.AppStore|iPhoneSimulator.Deploy.0 = Debug|Any CPU
		{554B6B00-C78E-4366-A991-03B0E9D3F817}.AppStore|x64.ActiveCfg = Debug|Any CPU
		{554B6B00-C78E-4366-A991-03B0E9D3F817}.AppStore|x64.Build.0 = Debug|Any CPU
		{554B6B00-C78E-4366-A991-03B0E9D3F817}.AppStore|x64.Deploy.0 = Debug|Any CPU
		{554B6B00-C78E-4366-A991-03B0E9D3F817}.AppStore|x86.ActiveCfg = Debug|Any CPU
		{554B6B00-C78E-4366-A991-03B0E9D3F817}.AppStore|x86.Build.0 = Debug|Any CPU
		{554B6B00-C78E-4366-A991-03B0E9D3F817}.AppStore|x86.Deploy.0 = Debug|Any CPU
		{554B6B00-C78E-4366-A991-03B0E9D3F817}.Debug|Any CPU.ActiveCfg = Debug|Any CPU
		{554B6B00-C78E-4366-A991-03B0E9D3F817}.Debug|Any CPU.Build.0 = Debug|Any CPU
		{554B6B00-C78E-4366-A991-03B0E9D3F817}.Debug|Any CPU.Deploy.0 = Debug|Any CPU
		{554B6B00-C78E-4366-A991-03B0E9D3F817}.Debug|ARM.ActiveCfg = Debug|Any CPU
		{554B6B00-C78E-4366-A991-03B0E9D3F817}.Debug|ARM.Build.0 = Debug|Any CPU
		{554B6B00-C78E-4366-A991-03B0E9D3F817}.Debug|ARM.Deploy.0 = Debug|Any CPU
		{554B6B00-C78E-4366-A991-03B0E9D3F817}.Debug|iPhone.ActiveCfg = Debug|Any CPU
		{554B6B00-C78E-4366-A991-03B0E9D3F817}.Debug|iPhone.Build.0 = Debug|Any CPU
		{554B6B00-C78E-4366-A991-03B0E9D3F817}.Debug|iPhone.Deploy.0 = Debug|Any CPU
		{554B6B00-C78E-4366-A991-03B0E9D3F817}.Debug|iPhoneSimulator.ActiveCfg = Debug|Any CPU
		{554B6B00-C78E-4366-A991-03B0E9D3F817}.Debug|iPhoneSimulator.Build.0 = Debug|Any CPU
		{554B6B00-C78E-4366-A991-03B0E9D3F817}.Debug|iPhoneSimulator.Deploy.0 = Debug|Any CPU
		{554B6B00-C78E-4366-A991-03B0E9D3F817}.Debug|x64.ActiveCfg = Debug|Any CPU
		{554B6B00-C78E-4366-A991-03B0E9D3F817}.Debug|x64.Build.0 = Debug|Any CPU
		{554B6B00-C78E-4366-A991-03B0E9D3F817}.Debug|x64.Deploy.0 = Debug|Any CPU
		{554B6B00-C78E-4366-A991-03B0E9D3F817}.Debug|x86.ActiveCfg = Debug|Any CPU
		{554B6B00-C78E-4366-A991-03B0E9D3F817}.Debug|x86.Build.0 = Debug|Any CPU
		{554B6B00-C78E-4366-A991-03B0E9D3F817}.Debug|x86.Deploy.0 = Debug|Any CPU
		{554B6B00-C78E-4366-A991-03B0E9D3F817}.Release|Any CPU.ActiveCfg = Release|Any CPU
		{554B6B00-C78E-4366-A991-03B0E9D3F817}.Release|Any CPU.Build.0 = Release|Any CPU
		{554B6B00-C78E-4366-A991-03B0E9D3F817}.Release|Any CPU.Deploy.0 = Release|Any CPU
		{554B6B00-C78E-4366-A991-03B0E9D3F817}.Release|ARM.ActiveCfg = Release|Any CPU
		{554B6B00-C78E-4366-A991-03B0E9D3F817}.Release|ARM.Build.0 = Release|Any CPU
		{554B6B00-C78E-4366-A991-03B0E9D3F817}.Release|ARM.Deploy.0 = Release|Any CPU
		{554B6B00-C78E-4366-A991-03B0E9D3F817}.Release|iPhone.ActiveCfg = Release|Any CPU
		{554B6B00-C78E-4366-A991-03B0E9D3F817}.Release|iPhone.Build.0 = Release|Any CPU
		{554B6B00-C78E-4366-A991-03B0E9D3F817}.Release|iPhone.Deploy.0 = Release|Any CPU
		{554B6B00-C78E-4366-A991-03B0E9D3F817}.Release|iPhoneSimulator.ActiveCfg = Release|Any CPU
		{554B6B00-C78E-4366-A991-03B0E9D3F817}.Release|iPhoneSimulator.Build.0 = Release|Any CPU
		{554B6B00-C78E-4366-A991-03B0E9D3F817}.Release|iPhoneSimulator.Deploy.0 = Release|Any CPU
		{554B6B00-C78E-4366-A991-03B0E9D3F817}.Release|x64.ActiveCfg = Release|Any CPU
		{554B6B00-C78E-4366-A991-03B0E9D3F817}.Release|x64.Build.0 = Release|Any CPU
		{554B6B00-C78E-4366-A991-03B0E9D3F817}.Release|x64.Deploy.0 = Release|Any CPU
		{554B6B00-C78E-4366-A991-03B0E9D3F817}.Release|x86.ActiveCfg = Release|Any CPU
		{554B6B00-C78E-4366-A991-03B0E9D3F817}.Release|x86.Build.0 = Release|Any CPU
		{554B6B00-C78E-4366-A991-03B0E9D3F817}.Release|x86.Deploy.0 = Release|Any CPU
	EndGlobalSection
	GlobalSection(SolutionProperties) = preSolution
		HideSolutionNode = FALSE
	EndGlobalSection
	GlobalSection(ExtensibilityGlobals) = postSolution
		SolutionGuid = {7CB33BB3-6F77-408C-AFAB-3989FB8A84B2}
	EndGlobalSection
EndGlobal
